{
  "pins" : [
    {
      "identity" : "realm-core",
      "kind" : "remoteSourceControl",
      "location" : "https://github.com/realm/realm-core.git",
      "state" : {
        "revision" : "c04f5e401a1ec682e6b08b1ee157e19a0f834a5f",
        "version" : "13.17.1"
      }
    },
    {
      "identity" : "realm-swift",
      "kind" : "remoteSourceControl",
      "location" : "https://github.com/realm/realm-swift",
      "state" : {
        "branch" : "master",
        "revision" : "25e24f63f6a5367713983b79b2253957d9b3c768"
      }
    }
  ],
  "version" : 2
}
